{
  "name": "div-stylist",
  "version": "1.0.0",
  "lockfileVersion": 3,
  "requires": true,
  "packages": {
    "": {
      "name": "div-stylist",
      "version": "1.0.0",
      "dependencies": {
        "posthog-node": "^5.29.2"
      }
    },
    "node_modules/@posthog/core": {
      "version": "1.25.2",
      "resolved": "https://registry.npmjs.org/@posthog/core/-/core-1.25.2.tgz",
      "integrity": "sha512-h2FO7ut/BbfwpAXWpwdDHTzQgUo9ibDFEs6ZO+3cI3KPWQt5XwczK1OLAuPprcjm8T/jl0SH8jSFo5XdU4RbTg==",
      "license": "MIT"
    },
    "node_modules/posthog-node": {
      "version": "5.29.2",
      "resolved": "https://registry.npmjs.org/posthog-node/-/posthog-node-5.29.2.tgz",
      "integrity": "sha512-rI7kkF0XqDc0G1qjx+Hb4iuY9NAlL+XQNoGOpnEpRNTUcXvjY6WlsRGZ9m2whgc39emrrYdszi/YT8wZkr2xsg==",
      "license": "MIT",
      "dependencies": {
        "@posthog/core": "1.25.2"
      },
      "engines": {
        "node": "^20.20.0 || >=22.22.0"
      },
      "peerDependencies": {
        "rxjs": "^7.0.0"
      },
      "peerDependenciesMeta": {
        "rxjs": {
          "optional": true
        }
      }
    }
  }
}
